# Медиа (ролики и кадры из Higgsfield), которые Cloudflare Pages скачивает при сборке. Формат: URL SHA256
# v2: 3 эффекта (ace, marquee, jackpot) + главная (intro, loop, poster)
https://d2ol7oe51mr4n9.cloudfront.net/user_3JILpQBJxASMahyYK04WEhjda0g/9ea25c75-8138-47ca-885e-e637af536970.tar dc36249e8f11277c6e15e8a662adc7d44691ea5c43c36378c1389aa3658aa772
